PODS:
  - BEMCheckBox (1.4.1)
  - R.swift (5.0.3):
    - R.swift.Library (~> 5.0.0)
  - R.swift.Library (5.0.1)
  - Realm (3.17.3):
    - Realm/Headers (= 3.17.3)
  - Realm/Headers (3.17.3)
  - RealmSwift (3.17.3):
    - Realm (= 3.17.3)
  - RxCocoa (5.0.0):
    - RxRelay (~> 5)
    - RxSwift (~> 5)
  - RxRealm (1.0.0):
    - RealmSwift (~> 3.14)
    - RxSwift (~> 5.0)
  - RxRelay (5.0.0):
    - RxSwift (~> 5)
  - RxSwift (5.0.0)
  - Swinject (2.5.0)
  - SwinjectAutoregistration (2.5.0):
    - Swinject (~> 2.5)

DEPENDENCIES:
  - BEMCheckBox
  - R.swift (~> 5.0)
  - RealmSwift (~> 3.13)
  - RxCocoa (~> 5)
  - RxRealm (~> 1.0)
  - RxSwift (~> 5)
  - Swinject (= 2.5.0)
  - SwinjectAutoregistration (= 2.5.0)

SPEC REPOS:
  https://github.com/cocoapods/specs.git:
    - BEMCheckBox
    - R.swift
    - R.swift.Library
    - Realm
    - RealmSwift
    - RxCocoa
    - RxRealm
    - RxRelay
    - RxSwift
    - Swinject
    - SwinjectAutoregistration

SPEC CHECKSUMS:
  BEMCheckBox: 5ba6e37ade3d3657b36caecc35c8b75c6c2b1a4e
  R.swift: f5a87643b91ea569d23d6afb3eee9c743edde239
  R.swift.Library: cfe85d569d9bae6cb262922db130e7c3a7a5fad1
  Realm: 5a1d9d47bfc101dd597668b1a8af4288a2557f6d
  RealmSwift: b7fdc2d18616621c31df5c7a398a45a2163f8eb0
  RxCocoa: fcf32050ac00d801f34a7f71d5e8e7f23026dcd8
  RxRealm: 1e81dcfca1fb50c3e9b3e1f8102bc875c5156a2e
  RxRelay: 4f7409406a51a55cd88483f21ed898c234d60f18
  RxSwift: 8b0671caa829a763bbce7271095859121cbd895f
  Swinject: 82cdb851f63f91bba974e3eca1d69780f2f7677e
  SwinjectAutoregistration: 0502a16e5f5baf181be80dc9510e0efa29130485

PODFILE CHECKSUM: 56941a56cf0b95a010c411433c6945f381f50f43

COCOAPODS: 1.7.5
